
Microsoft Visual Studio Solution File, Format Version 10.00
# Visual Studio 2008
Project("{FAE04EC0-301F-11D3-BF4B-00C04F79EFBC}") = "Hotel Classio", "Hotel Classio\Hotel Classio.csproj", "{4E39B775-543E-46DF-B482-9C73DA212FDE}"
EndProject
Global
	GlobalSection(SolutionConfigurationPlatforms) = preSolution
		Debug|Any CPU = Debug|Any CPU
		Debug|x86 = Debug|x86
		Release|Any CPU = Release|Any CPU
		Release|x86 = Release|x86
	EndGlobalSection
	GlobalSection(ProjectConfigurationPlatforms) = postSolution
		{4E39B775-543E-46DF-B482-9C73DA212FDE}.Debug|Any CPU.ActiveCfg = Debug|Any CPU
		{4E39B775-543E-46DF-B482-9C73DA212FDE}.Debug|Any CPU.Build.0 = Debug|Any CPU
		{4E39B775-543E-46DF-B482-9C73DA212FDE}.Debug|x86.ActiveCfg = Debug|x86
		{4E39B775-543E-46DF-B482-9C73DA212FDE}.Debug|x86.Build.0 = Debug|x86
		{4E39B775-543E-46DF-B482-9C73DA212FDE}.Release|Any CPU.ActiveCfg = Release|Any CPU
		{4E39B775-543E-46DF-B482-9C73DA212FDE}.Release|Any CPU.Build.0 = Release|Any CPU
		{4E39B775-543E-46DF-B482-9C73DA212FDE}.Release|x86.ActiveCfg = Release|x86
		{4E39B775-543E-46DF-B482-9C73DA212FDE}.Release|x86.Build.0 = Release|x86
	EndGlobalSection
	GlobalSection(SolutionProperties) = preSolution
		HideSolutionNode = FALSE
	EndGlobalSection
EndGlobal
